
Microsoft Visual Studio Solution File, Format Version 12.00
# Visual Studio Version 17
VisualStudioVersion = 17.2.32630.192
MinimumVisualStudioVersion = 10.0.40219.1
Project("{FAE04EC0-301F-11D3-BF4B-00C04F79EFBC}") = "DuAnCuoiKi.API", "DuAnCuoiKi.API\DuAnCuoiKi.API.csproj", "{4C9A3647-7F92-4EBF-B39E-614D15926CA7}"
EndProject
Global
	GlobalSection(SolutionConfigurationPlatforms) = preSolution
		Debug|Any CPU = Debug|Any CPU
		Release|Any CPU = Release|Any CPU
	EndGlobalSection
	GlobalSection(ProjectConfigurationPlatforms) = postSolution
		{4C9A3647-7F92-4EBF-B39E-614D15926CA7}.Debug|Any CPU.ActiveCfg = Debug|Any CPU
		{4C9A3647-7F92-4EBF-B39E-614D15926CA7}.Debug|Any CPU.Build.0 = Debug|Any CPU
		{4C9A3647-7F92-4EBF-B39E-614D15926CA7}.Release|Any CPU.ActiveCfg = Release|Any CPU
		{4C9A3647-7F92-4EBF-B39E-614D15926CA7}.Release|Any CPU.Build.0 = Release|Any CPU
	EndGlobalSection
	GlobalSection(SolutionProperties) = preSolution
		HideSolutionNode = FALSE
	EndGlobalSection
	GlobalSection(ExtensibilityGlobals) = postSolution
		SolutionGuid = {DBB88B89-FD1A-49DF-8C5C-0EE561724947}
	EndGlobalSection
EndGlobal
